
Microsoft Visual Studio Solution File, Format Version 12.00
# Visual Studio Version 17
VisualStudioVersion = 17.8.34316.72
MinimumVisualStudioVersion = 10.0.40219.1
Project("{FAE04EC0-301F-11D3-BF4B-00C04F79EFBC}") = "metodyNumeryczne", "metodyNumeryczne.csproj", "{43AE1622-8949-4B2D-8E73-77AAB8BAFC00}"
EndProject
Global
	GlobalSection(SolutionConfigurationPlatforms) = preSolution
		Debug|Any CPU = Debug|Any CPU
		Release|Any CPU = Release|Any CPU
	EndGlobalSection
	GlobalSection(ProjectConfigurationPlatforms) = postSolution
		{43AE1622-8949-4B2D-8E73-77AAB8BAFC00}.Debug|Any CPU.ActiveCfg = Debug|Any CPU
		{43AE1622-8949-4B2D-8E73-77AAB8BAFC00}.Debug|Any CPU.Build.0 = Debug|Any CPU
		{43AE1622-8949-4B2D-8E73-77AAB8BAFC00}.Release|Any CPU.ActiveCfg = Release|Any CPU
		{43AE1622-8949-4B2D-8E73-77AAB8BAFC00}.Release|Any CPU.Build.0 = Release|Any CPU
	EndGlobalSection
	GlobalSection(SolutionProperties) = preSolution
		HideSolutionNode = FALSE
	EndGlobalSection
	GlobalSection(ExtensibilityGlobals) = postSolution
		SolutionGuid = {09A3FCED-1DDE-4783-8FBA-71C18E4480C0}
	EndGlobalSection
EndGlobal
